PODS:
  - Capacitor (3.2.4):
    - CapacitorCordova
  - CapacitorCordova (3.2.4)
  - JitsiMeetSDK (1.0.0)

DEPENDENCIES:
  - Capacitor
  - JitsiMeetSDK (from `./sdk/JitsiMeetSDK.podspec`)

SPEC REPOS:
  trunk:
    - Capacitor
    - CapacitorCordova

EXTERNAL SOURCES:
  JitsiMeetSDK:
    :path: "./sdk/JitsiMeetSDK.podspec"

SPEC CHECKSUMS:
  Capacitor: 300df90a0f1b4da09e7937dadc8ce4ef11b14412
  CapacitorCordova: 0311a1eecf9befe729ef3e9914bb072c12a35511
  JitsiMeetSDK: 9113007fb4b0741b3d122a01fee2fb0e3b4ca70d

PODFILE CHECKSUM: d0db2286fb589d9ff35fd96107d71714d1b3044b

COCOAPODS: 1.11.3
