PODS:
  - Capacitor (3.2.4):
    - CapacitorCordova
  - CapacitorCordova (3.2.4)
  - JitsiMeetSDK (1.0.0)

DEPENDENCIES:
  - Capacitor
  - JitsiMeetSDK (from `./sdk/out/JitsiMeetSDK.podspec`)

SPEC REPOS:
  trunk:
    - Capacitor
    - CapacitorCordova

EXTERNAL SOURCES:
  JitsiMeetSDK:
    :path: "./sdk/out/JitsiMeetSDK.podspec"

SPEC CHECKSUMS:
  Capacitor: 300df90a0f1b4da09e7937dadc8ce4ef11b14412
  CapacitorCordova: 0311a1eecf9befe729ef3e9914bb072c12a35511
  JitsiMeetSDK: 1892c9ebc0738df1243b9df7e580bfd6974a8168

PODFILE CHECKSUM: 181bf036a0e18b34646bd1f2cc69ded8ff6786ae

COCOAPODS: 1.11.3
